
Microsoft Visual Studio Solution File, Format Version 12.00
# Visual Studio Version 16
VisualStudioVersion = 16.0.30413.136
MinimumVisualStudioVersion = 10.0.40219.1
Project("{FAE04EC0-301F-11D3-BF4B-00C04F79EFBC}") = "HidePassUI", "HidePassUI\HidePassUI.csproj", "{05ACEF44-0CF2-4729-A76E-28EE55A50543}"
EndProject
Global
	GlobalSection(SolutionConfigurationPlatforms) = preSolution
		Debug|Any CPU = Debug|Any CPU
		Release|Any CPU = Release|Any CPU
	EndGlobalSection
	GlobalSection(ProjectConfigurationPlatforms) = postSolution
		{05ACEF44-0CF2-4729-A76E-28EE55A50543}.Debug|Any CPU.ActiveCfg = Debug|Any CPU
		{05ACEF44-0CF2-4729-A76E-28EE55A50543}.Debug|Any CPU.Build.0 = Debug|Any CPU
		{05ACEF44-0CF2-4729-A76E-28EE55A50543}.Release|Any CPU.ActiveCfg = Release|Any CPU
		{05ACEF44-0CF2-4729-A76E-28EE55A50543}.Release|Any CPU.Build.0 = Release|Any CPU
	EndGlobalSection
	GlobalSection(SolutionProperties) = preSolution
		HideSolutionNode = FALSE
	EndGlobalSection
	GlobalSection(ExtensibilityGlobals) = postSolution
		SolutionGuid = {C5C0765C-C8E0-419E-A32D-BB43DD2793AF}
	EndGlobalSection
EndGlobal
